
Microsoft Visual Studio Solution File, Format Version 12.00
# Visual Studio Version 17
VisualStudioVersion = 17.6.33815.320
MinimumVisualStudioVersion = 10.0.40219.1
Project("{FAE04EC0-301F-11D3-BF4B-00C04F79EFBC}") = "17-part-2", "17-part-2.csproj", "{BAB8132D-DD16-44C4-A736-3A4DDD0C1755}"
EndProject
Global
	GlobalSection(SolutionConfigurationPlatforms) = preSolution
		Debug|Any CPU = Debug|Any CPU
		Release|Any CPU = Release|Any CPU
	EndGlobalSection
	GlobalSection(ProjectConfigurationPlatforms) = postSolution
		{BAB8132D-DD16-44C4-A736-3A4DDD0C1755}.Debug|Any CPU.ActiveCfg = Debug|Any CPU
		{BAB8132D-DD16-44C4-A736-3A4DDD0C1755}.Debug|Any CPU.Build.0 = Debug|Any CPU
		{BAB8132D-DD16-44C4-A736-3A4DDD0C1755}.Release|Any CPU.ActiveCfg = Release|Any CPU
		{BAB8132D-DD16-44C4-A736-3A4DDD0C1755}.Release|Any CPU.Build.0 = Release|Any CPU
	EndGlobalSection
	GlobalSection(SolutionProperties) = preSolution
		HideSolutionNode = FALSE
	EndGlobalSection
	GlobalSection(ExtensibilityGlobals) = postSolution
		SolutionGuid = {ECFD0D35-05BB-4F2A-BB28-D9FEC6B42A82}
	EndGlobalSection
EndGlobal
