
Microsoft Visual Studio Solution File, Format Version 12.00
# Visual Studio Version 17
VisualStudioVersion = 17.6.33815.320
MinimumVisualStudioVersion = 10.0.40219.1
Project("{FAE04EC0-301F-11D3-BF4B-00C04F79EFBC}") = "09-part-2", "09-part-2.csproj", "{7511EE9F-18A1-485D-9DA4-EB3A42110735}"
EndProject
Global
	GlobalSection(SolutionConfigurationPlatforms) = preSolution
		Debug|Any CPU = Debug|Any CPU
		Release|Any CPU = Release|Any CPU
	EndGlobalSection
	GlobalSection(ProjectConfigurationPlatforms) = postSolution
		{7511EE9F-18A1-485D-9DA4-EB3A42110735}.Debug|Any CPU.ActiveCfg = Debug|Any CPU
		{7511EE9F-18A1-485D-9DA4-EB3A42110735}.Debug|Any CPU.Build.0 = Debug|Any CPU
		{7511EE9F-18A1-485D-9DA4-EB3A42110735}.Release|Any CPU.ActiveCfg = Release|Any CPU
		{7511EE9F-18A1-485D-9DA4-EB3A42110735}.Release|Any CPU.Build.0 = Release|Any CPU
	EndGlobalSection
	GlobalSection(SolutionProperties) = preSolution
		HideSolutionNode = FALSE
	EndGlobalSection
	GlobalSection(ExtensibilityGlobals) = postSolution
		SolutionGuid = {EAA7A681-6318-47B3-83D4-1C3D1249359F}
	EndGlobalSection
EndGlobal
