
Microsoft Visual Studio Solution File, Format Version 12.00
# Visual Studio Version 17
VisualStudioVersion = 17.6.33815.320
MinimumVisualStudioVersion = 10.0.40219.1
Project("{9A19103F-16F7-4668-BE54-9A1E7A4F7556}") = "18-part-2", "18-part-2.csproj", "{FBFB343E-629E-4C76-AAC5-1DBB09D7EE36}"
EndProject
Global
	GlobalSection(SolutionConfigurationPlatforms) = preSolution
		Debug|Any CPU = Debug|Any CPU
		Release|Any CPU = Release|Any CPU
	EndGlobalSection
	GlobalSection(ProjectConfigurationPlatforms) = postSolution
		{FBFB343E-629E-4C76-AAC5-1DBB09D7EE36}.Debug|Any CPU.ActiveCfg = Debug|Any CPU
		{FBFB343E-629E-4C76-AAC5-1DBB09D7EE36}.Debug|Any CPU.Build.0 = Debug|Any CPU
		{FBFB343E-629E-4C76-AAC5-1DBB09D7EE36}.Release|Any CPU.ActiveCfg = Release|Any CPU
		{FBFB343E-629E-4C76-AAC5-1DBB09D7EE36}.Release|Any CPU.Build.0 = Release|Any CPU
	EndGlobalSection
	GlobalSection(SolutionProperties) = preSolution
		HideSolutionNode = FALSE
	EndGlobalSection
	GlobalSection(ExtensibilityGlobals) = postSolution
		SolutionGuid = {5BE0F023-912B-4B36-9EBE-183574F3AFC3}
	EndGlobalSection
EndGlobal
