
Microsoft Visual Studio Solution File, Format Version 12.00
# Visual Studio Version 17
VisualStudioVersion = 17.6.33815.320
MinimumVisualStudioVersion = 10.0.40219.1
Project("{FAE04EC0-301F-11D3-BF4B-00C04F79EFBC}") = "12-part-1", "12-part-1.csproj", "{7960E591-B4C8-42CD-9B25-F5CA36BF9AB0}"
EndProject
Global
	GlobalSection(SolutionConfigurationPlatforms) = preSolution
		Debug|Any CPU = Debug|Any CPU
		Release|Any CPU = Release|Any CPU
	EndGlobalSection
	GlobalSection(ProjectConfigurationPlatforms) = postSolution
		{7960E591-B4C8-42CD-9B25-F5CA36BF9AB0}.Debug|Any CPU.ActiveCfg = Debug|Any CPU
		{7960E591-B4C8-42CD-9B25-F5CA36BF9AB0}.Debug|Any CPU.Build.0 = Debug|Any CPU
		{7960E591-B4C8-42CD-9B25-F5CA36BF9AB0}.Release|Any CPU.ActiveCfg = Release|Any CPU
		{7960E591-B4C8-42CD-9B25-F5CA36BF9AB0}.Release|Any CPU.Build.0 = Release|Any CPU
	EndGlobalSection
	GlobalSection(SolutionProperties) = preSolution
		HideSolutionNode = FALSE
	EndGlobalSection
	GlobalSection(ExtensibilityGlobals) = postSolution
		SolutionGuid = {F0E45141-77BC-4A5B-B7A3-1371B90DB517}
	EndGlobalSection
EndGlobal
