
Microsoft Visual Studio Solution File, Format Version 12.00
# Visual Studio Version 17
VisualStudioVersion = 17.6.33815.320
MinimumVisualStudioVersion = 10.0.40219.1
Project("{FAE04EC0-301F-11D3-BF4B-00C04F79EFBC}") = "day-5-part-1", "day-5-part-1.csproj", "{FF661CA9-4631-47D2-9991-DC7D2365290D}"
EndProject
Global
	GlobalSection(SolutionConfigurationPlatforms) = preSolution
		Debug|Any CPU = Debug|Any CPU
		Release|Any CPU = Release|Any CPU
	EndGlobalSection
	GlobalSection(ProjectConfigurationPlatforms) = postSolution
		{FF661CA9-4631-47D2-9991-DC7D2365290D}.Debug|Any CPU.ActiveCfg = Debug|Any CPU
		{FF661CA9-4631-47D2-9991-DC7D2365290D}.Debug|Any CPU.Build.0 = Debug|Any CPU
		{FF661CA9-4631-47D2-9991-DC7D2365290D}.Release|Any CPU.ActiveCfg = Release|Any CPU
		{FF661CA9-4631-47D2-9991-DC7D2365290D}.Release|Any CPU.Build.0 = Release|Any CPU
	EndGlobalSection
	GlobalSection(SolutionProperties) = preSolution
		HideSolutionNode = FALSE
	EndGlobalSection
	GlobalSection(ExtensibilityGlobals) = postSolution
		SolutionGuid = {6829447C-2BA8-4523-B3EA-D11CC6FD68E3}
	EndGlobalSection
EndGlobal
