
Microsoft Visual Studio Solution File, Format Version 12.00
# Visual Studio Version 17
VisualStudioVersion = 17.6.33815.320
MinimumVisualStudioVersion = 10.0.40219.1
Project("{9A19103F-16F7-4668-BE54-9A1E7A4F7556}") = "07-part-1", "07-part-1.csproj", "{316AFF79-6342-48DE-A8D1-2234F4439619}"
EndProject
Global
	GlobalSection(SolutionConfigurationPlatforms) = preSolution
		Debug|Any CPU = Debug|Any CPU
		Release|Any CPU = Release|Any CPU
	EndGlobalSection
	GlobalSection(ProjectConfigurationPlatforms) = postSolution
		{316AFF79-6342-48DE-A8D1-2234F4439619}.Debug|Any CPU.ActiveCfg = Debug|Any CPU
		{316AFF79-6342-48DE-A8D1-2234F4439619}.Debug|Any CPU.Build.0 = Debug|Any CPU
		{316AFF79-6342-48DE-A8D1-2234F4439619}.Release|Any CPU.ActiveCfg = Release|Any CPU
		{316AFF79-6342-48DE-A8D1-2234F4439619}.Release|Any CPU.Build.0 = Release|Any CPU
	EndGlobalSection
	GlobalSection(SolutionProperties) = preSolution
		HideSolutionNode = FALSE
	EndGlobalSection
	GlobalSection(ExtensibilityGlobals) = postSolution
		SolutionGuid = {33E07004-14CB-433E-9244-FF1B4246D020}
	EndGlobalSection
EndGlobal
