
Microsoft Visual Studio Solution File, Format Version 12.00
# Visual Studio Version 17
VisualStudioVersion = 17.6.33815.320
MinimumVisualStudioVersion = 10.0.40219.1
Project("{FAE04EC0-301F-11D3-BF4B-00C04F79EFBC}") = "22-part-1", "22-part-1.csproj", "{D74B80DF-C811-444B-92C3-44E47B9EFDB4}"
EndProject
Global
	GlobalSection(SolutionConfigurationPlatforms) = preSolution
		Debug|Any CPU = Debug|Any CPU
		Release|Any CPU = Release|Any CPU
	EndGlobalSection
	GlobalSection(ProjectConfigurationPlatforms) = postSolution
		{D74B80DF-C811-444B-92C3-44E47B9EFDB4}.Debug|Any CPU.ActiveCfg = Debug|Any CPU
		{D74B80DF-C811-444B-92C3-44E47B9EFDB4}.Debug|Any CPU.Build.0 = Debug|Any CPU
		{D74B80DF-C811-444B-92C3-44E47B9EFDB4}.Release|Any CPU.ActiveCfg = Release|Any CPU
		{D74B80DF-C811-444B-92C3-44E47B9EFDB4}.Release|Any CPU.Build.0 = Release|Any CPU
	EndGlobalSection
	GlobalSection(SolutionProperties) = preSolution
		HideSolutionNode = FALSE
	EndGlobalSection
	GlobalSection(ExtensibilityGlobals) = postSolution
		SolutionGuid = {864555A2-0ED1-4EB0-A1DD-745E4692E1E2}
	EndGlobalSection
EndGlobal
