
Microsoft Visual Studio Solution File, Format Version 12.00
# Visual Studio Version 17
VisualStudioVersion = 17.6.33815.320
MinimumVisualStudioVersion = 10.0.40219.1
Project("{FAE04EC0-301F-11D3-BF4B-00C04F79EFBC}") = "23-part-1", "23-part-1.csproj", "{EAFA2677-DAF8-4051-A4C2-8D7D33F17172}"
EndProject
Global
	GlobalSection(SolutionConfigurationPlatforms) = preSolution
		Debug|Any CPU = Debug|Any CPU
		Release|Any CPU = Release|Any CPU
	EndGlobalSection
	GlobalSection(ProjectConfigurationPlatforms) = postSolution
		{EAFA2677-DAF8-4051-A4C2-8D7D33F17172}.Debug|Any CPU.ActiveCfg = Debug|Any CPU
		{EAFA2677-DAF8-4051-A4C2-8D7D33F17172}.Debug|Any CPU.Build.0 = Debug|Any CPU
		{EAFA2677-DAF8-4051-A4C2-8D7D33F17172}.Release|Any CPU.ActiveCfg = Release|Any CPU
		{EAFA2677-DAF8-4051-A4C2-8D7D33F17172}.Release|Any CPU.Build.0 = Release|Any CPU
	EndGlobalSection
	GlobalSection(SolutionProperties) = preSolution
		HideSolutionNode = FALSE
	EndGlobalSection
	GlobalSection(ExtensibilityGlobals) = postSolution
		SolutionGuid = {B3983EB2-B4E1-4A22-AC1E-F41B8F7D8C6E}
	EndGlobalSection
EndGlobal
