
Microsoft Visual Studio Solution File, Format Version 12.00
# Visual Studio Version 17
VisualStudioVersion = 17.6.33815.320
MinimumVisualStudioVersion = 10.0.40219.1
Project("{FAE04EC0-301F-11D3-BF4B-00C04F79EFBC}") = "20-part-1", "20-part-1.csproj", "{F38FE5E9-89DC-401E-AA5A-6B25D08AE0CD}"
EndProject
Global
	GlobalSection(SolutionConfigurationPlatforms) = preSolution
		Debug|Any CPU = Debug|Any CPU
		Release|Any CPU = Release|Any CPU
	EndGlobalSection
	GlobalSection(ProjectConfigurationPlatforms) = postSolution
		{F38FE5E9-89DC-401E-AA5A-6B25D08AE0CD}.Debug|Any CPU.ActiveCfg = Debug|Any CPU
		{F38FE5E9-89DC-401E-AA5A-6B25D08AE0CD}.Debug|Any CPU.Build.0 = Debug|Any CPU
		{F38FE5E9-89DC-401E-AA5A-6B25D08AE0CD}.Release|Any CPU.ActiveCfg = Release|Any CPU
		{F38FE5E9-89DC-401E-AA5A-6B25D08AE0CD}.Release|Any CPU.Build.0 = Release|Any CPU
	EndGlobalSection
	GlobalSection(SolutionProperties) = preSolution
		HideSolutionNode = FALSE
	EndGlobalSection
	GlobalSection(ExtensibilityGlobals) = postSolution
		SolutionGuid = {F94A736B-6D2B-4B78-A799-AFBD372A5E90}
	EndGlobalSection
EndGlobal
