
Microsoft Visual Studio Solution File, Format Version 12.00
# Visual Studio Version 17
VisualStudioVersion = 17.6.33815.320
MinimumVisualStudioVersion = 10.0.40219.1
Project("{9A19103F-16F7-4668-BE54-9A1E7A4F7556}") = "03-part-1", "03-part-1.csproj", "{02B971FD-7A7D-4036-88F7-5C74BA1FF4F6}"
EndProject
Global
	GlobalSection(SolutionConfigurationPlatforms) = preSolution
		Debug|Any CPU = Debug|Any CPU
		Release|Any CPU = Release|Any CPU
	EndGlobalSection
	GlobalSection(ProjectConfigurationPlatforms) = postSolution
		{02B971FD-7A7D-4036-88F7-5C74BA1FF4F6}.Debug|Any CPU.ActiveCfg = Debug|Any CPU
		{02B971FD-7A7D-4036-88F7-5C74BA1FF4F6}.Debug|Any CPU.Build.0 = Debug|Any CPU
		{02B971FD-7A7D-4036-88F7-5C74BA1FF4F6}.Release|Any CPU.ActiveCfg = Release|Any CPU
		{02B971FD-7A7D-4036-88F7-5C74BA1FF4F6}.Release|Any CPU.Build.0 = Release|Any CPU
	EndGlobalSection
	GlobalSection(SolutionProperties) = preSolution
		HideSolutionNode = FALSE
	EndGlobalSection
	GlobalSection(ExtensibilityGlobals) = postSolution
		SolutionGuid = {5CD705D4-CC2E-4DA5-BC0B-38381B4FC389}
	EndGlobalSection
EndGlobal
