
Microsoft Visual Studio Solution File, Format Version 12.00
# Visual Studio Version 17
VisualStudioVersion = 17.6.33815.320
MinimumVisualStudioVersion = 10.0.40219.1
Project("{FAE04EC0-301F-11D3-BF4B-00C04F79EFBC}") = "24-part-2", "24-part-2.csproj", "{DE326F1A-5B74-4772-B080-B1272DC0085A}"
EndProject
Global
	GlobalSection(SolutionConfigurationPlatforms) = preSolution
		Debug|Any CPU = Debug|Any CPU
		Release|Any CPU = Release|Any CPU
	EndGlobalSection
	GlobalSection(ProjectConfigurationPlatforms) = postSolution
		{DE326F1A-5B74-4772-B080-B1272DC0085A}.Debug|Any CPU.ActiveCfg = Debug|Any CPU
		{DE326F1A-5B74-4772-B080-B1272DC0085A}.Debug|Any CPU.Build.0 = Debug|Any CPU
		{DE326F1A-5B74-4772-B080-B1272DC0085A}.Release|Any CPU.ActiveCfg = Release|Any CPU
		{DE326F1A-5B74-4772-B080-B1272DC0085A}.Release|Any CPU.Build.0 = Release|Any CPU
	EndGlobalSection
	GlobalSection(SolutionProperties) = preSolution
		HideSolutionNode = FALSE
	EndGlobalSection
	GlobalSection(ExtensibilityGlobals) = postSolution
		SolutionGuid = {D0DAF5B8-3BAF-4D8B-AB35-7CC1150421C0}
	EndGlobalSection
EndGlobal
